{
  "nodes": {
    "embuild": {
      "flake": false,
      "locked": {
        "lastModified": 1698354743,
        "narHash": "sha256-YH2CPb3uBlPncd+KkP25xhCVvDB7HDxJuSqWOJ1LT3k=",
        "owner": "ivmarkov",
        "repo": "embuild",
        "rev": "f9ffc4b2400db4827289ba4401092f462e035480",
        "type": "github"
      },
      "original": {
        "owner": "ivmarkov",
        "repo": "embuild",
        "type": "github"
      }
    },
    "espflash": {
      "flake": false,
      "locked": {
        "lastModified": 1703774189,
        "narHash": "sha256-klOcM+bTOP6qmERTVbpSdsWDjcYbq7dvmRWchXyeQoY=",
        "owner": "esp-rs",
        "repo": "espflash",
        "rev": "cbdbcaecb3b594aadfb77e59a358c51f469ad461",
        "type": "github"
      },
      "original": {
        "owner": "esp-rs",
        "repo": "espflash",
        "type": "github"
      }
    },
    "espmonitor": {
      "flake": false,
      "locked": {
        "lastModified": 1682103932,
        "narHash": "sha256-OIiUU1+Nivb0k1EPZs3ktNUMMoiw6PmpbV1i/I8bzVw=",
        "owner": "esp-rs",
        "repo": "espmonitor",
        "rev": "9eea64338598b29ed5ac495863d71fdaa21a6f46",
        "type": "github"
      },
      "original": {
        "owner": "esp-rs",
        "repo": "espmonitor",
        "type": "github"
      }
    },
    "espressif-llvm-project": {
      "flake": false,
      "locked": {
        "lastModified": 1703749378,
        "narHash": "sha256-EA1ZlST39wm19F44cJqH2l3x2+LdMSaiZ4fm1R4X0lg=",
        "owner": "espressif",
        "repo": "llvm-project",
        "rev": "4c4770d4e99fc2039e05701ef047f26a07dd3047",
        "type": "github"
      },
      "original": {
        "owner": "espressif",
        "ref": "xtensa_release_17.0.1",
        "repo": "llvm-project",
        "type": "github"
      }
    },
    "flake-utils": {
      "inputs": {
        "systems": "systems"
      },
      "locked": {
        "lastModified": 1701680307,
        "narHash": "sha256-kAuep2h5ajznlPMD9rnQyffWG8EM/C73lejGofXvdM8=",
        "owner": "numtide",
        "repo": "flake-utils",
        "rev": "4022d587cbbfd70fe950c1e2083a02621806a725",
        "type": "github"
      },
      "original": {
        "owner": "numtide",
        "repo": "flake-utils",
        "type": "github"
      }
    },
    "nixpkgs": {
      "locked": {
        "lastModified": 1705303754,
        "narHash": "sha256-loWkd7lUzSvGBU9xnva37iPB2rr5ulq1qBLT44KjzGA=",
        "owner": "NixOS",
        "repo": "nixpkgs",
        "rev": "e0629618b4b419a47e2c8a3cab223e2a7f3a8f97",
        "type": "github"
      },
      "original": {
        "owner": "NixOS",
        "ref": "nixpkgs-unstable",
        "repo": "nixpkgs",
        "type": "github"
      }
    },
    "root": {
      "inputs": {
        "embuild": "embuild",
        "espflash": "espflash",
        "espmonitor": "espmonitor",
        "espressif-llvm-project": "espressif-llvm-project",
        "flake-utils": "flake-utils",
        "nixpkgs": "nixpkgs"
      }
    },
    "systems": {
      "locked": {
        "lastModified": 1681028828,
        "narHash": "sha256-Vy1rq5AaRuLzOxct8nz4T6wlgyUR7zLU309k9mBC768=",
        "owner": "nix-systems",
        "repo": "default",
        "rev": "da67096a3b9bf56a91d16901293e51ba5b49a27e",
        "type": "github"
      },
      "original": {
        "owner": "nix-systems",
        "repo": "default",
        "type": "github"
      }
    }
  },
  "root": "root",
  "version": 7
}
